// !$*UTF8*$!
{
	archiveVersion = 1;
	classes = {
	};
	objectVersion = 56;
	objects = {

/* Begin PBXBuildFile section */
		9B35AF6B2C2C540F00B6F874 /* HC_OCHOICE_TVApp.swift in Sources */ = {isa = PBXBuildFile; fileRef = 9B35AF6A2C2C540F00B6F874 /* HC_OCHOICE_TVApp.swift */; };
		9B35AF6D2C2C540F00B6F874 /* ContentView.swift in Sources */ = {isa = PBXBuildFile; fileRef = 9B35AF6C2C2C540F00B6F874 /* ContentView.swift */; };
		9B35AF6F2C2C541000B6F874 /* Assets.xcassets in Resources */ = {isa = PBXBuildFile; fileRef = 9B35AF6E2C2C541000B6F874 /* Assets.xcassets */; };
		9B35AF722C2C541000B6F874 /* Preview Assets.xcassets in Resources */ = {isa = PBXBuildFile; fileRef = 9B35AF712C2C541000B6F874 /* Preview Assets.xcassets */; };
		9B35AF7C2C2C541000B6F874 /* HC_OCHOICE_TVTests.swift in Sources */ = {isa = PBXBuildFile; fileRef = 9B35AF7B2C2C541000B6F874 /* HC_OCHOICE_TVTests.swift */; };
		9B35AF862C2C541000B6F874 /* HC_OCHOICE_TVUITests.swift in Sources */ = {isa = PBXBuildFile; fileRef = 9B35AF852C2C541000B6F874 /* HC_OCHOICE_TVUITests.swift */; };
		9B35AF882C2C541000B6F874 /* HC_OCHOICE_TVUITestsLaunchTests.swift in Sources */ = {isa = PBXBuildFile; fileRef = 9B35AF872C2C541000B6F874 /* HC_OCHOICE_TVUITestsLaunchTests.swift */; };
/* End PBXBuildFile section */

/* Begin PBXContainerItemProxy section */
		9B35AF782C2C541000B6F874 /* PBXContainerItemProxy */ = {
			isa = PBXContainerItemProxy;
			containerPortal = 9B35AF5F2C2C540F00B6F874 /* Project object */;
			proxyType = 1;
			remoteGlobalIDString = 9B35AF662C2C540F00B6F874;
			remoteInfo = HC.OCHOICE.TV;
		};
		9B35AF822C2C541000B6F874 /* PBXContainerItemProxy */ = {
			isa = PBXContainerItemProxy;
			containerPortal = 9B35AF5F2C2C540F00B6F874 /* Project object */;
			proxyType = 1;
			remoteGlobalIDString = 9B35AF662C2C540F00B6F874;
			remoteInfo = HC.OCHOICE.TV;
		};
/* End PBXContainerItemProxy section */

/* Begin PBXFileReference section */
		9B35AF672C2C540F00B6F874 /* HC.OCHOICE.TV.app */ = {isa = PBXFileReference; explicitFileType = wrapper.application; includeInIndex = 0; path = HC.OCHOICE.TV.app; sourceTree = BUILT_PRODUCTS_DIR; };
		9B35AF6A2C2C540F00B6F874 /* HC_OCHOICE_TVApp.swift */ = {isa = PBXFileReference; lastKnownFileType = sourcecode.swift; path = HC_OCHOICE_TVApp.swift; sourceTree = "<group>"; };
		9B35AF6C2C2C540F00B6F874 /* ContentView.swift */ = {isa = PBXFileReference; lastKnownFileType = sourcecode.swift; path = ContentView.swift; sourceTree = "<group>"; };
		9B35AF6E2C2C541000B6F874 /* Assets.xcassets */ = {isa = PBXFileReference; lastKnownFileType = folder.assetcatalog; path = Assets.xcassets; sourceTree = "<group>"; };
		9B35AF712C2C541000B6F874 /* Preview Assets.xcassets */ = {isa = PBXFileReference; lastKnownFileType = folder.assetcatalog; path = "Preview Assets.xcassets"; sourceTree = "<group>"; };
		9B35AF772C2C541000B6F874 /* HC.OCHOICE.TVTests.xctest */ = {isa = PBXFileReference; explicitFileType = wrapper.cfbundle; includeInIndex = 0; path = HC.OCHOICE.TVTests.xctest; sourceTree = BUILT_PRODUCTS_DIR; };
		9B35AF7B2C2C541000B6F874 /* HC_OCHOICE_TVTests.swift */ = {isa = PBXFileReference; lastKnownFileType = sourcecode.swift; path = HC_OCHOICE_TVTests.swift; sourceTree = "<group>"; };
		9B35AF812C2C541000B6F874 /* HC.OCHOICE.TVUITests.xctest */ = {isa = PBXFileReference; explicitFileType = wrapper.cfbundle; includeInIndex = 0; path = HC.OCHOICE.TVUITests.xctest; sourceTree = BUILT_PRODUCTS_DIR; };
		9B35AF852C2C541000B6F874 /* HC_OCHOICE_TVUITests.swift */ = {isa = PBXFileReference; lastKnownFileType = sourcecode.swift; path = HC_OCHOICE_TVUITests.swift; sourceTree = "<group>"; };
		9B35AF872C2C541000B6F874 /* HC_OCHOICE_TVUITestsLaunchTests.swift */ = {isa = PBXFileReference; lastKnownFileType = sourcecode.swift; path = HC_OCHOICE_TVUITestsLaunchTests.swift; sourceTree = "<group>"; };
/* End PBXFileReference section */

/* Begin PBXFrameworksBuildPhase section */
		9B35AF642C2C540F00B6F874 /* Frameworks */ = {
			isa = PBXFrameworksBuildPhase;
			buildActionMask = 2147483647;
			files = (
			);
			runOnlyForDeploymentPostprocessing = 0;
		};
		9B35AF742C2C541000B6F874 /* Frameworks */ = {
			isa = PBXFrameworksBuildPhase;
			buildActionMask = 2147483647;
			files = (
			);
			runOnlyForDeploymentPostprocessing = 0;
		};
		9B35AF7E2C2C541000B6F874 /* Frameworks */ = {
			isa = PBXFrameworksBuildPhase;
			buildActionMask = 2147483647;
			files = (
			);
			runOnlyForDeploymentPostprocessing = 0;
		};
/* End PBXFrameworksBuildPhase section */

/* Begin PBXGroup section */
		9B35AF5E2C2C540F00B6F874 = {
			isa = PBXGroup;
			children = (
				9B35AF692C2C540F00B6F874 /* HC.OCHOICE.TV */,
				9B35AF7A2C2C541000B6F874 /* HC.OCHOICE.TVTests */,
				9B35AF842C2C541000B6F874 /* HC.OCHOICE.TVUITests */,
				9B35AF682C2C540F00B6F874 /* Products */,
			);
			sourceTree = "<group>";
		};
		9B35AF682C2C540F00B6F874 /* Products */ = {
			isa = PBXGroup;
			children = (
				9B35AF672C2C540F00B6F874 /* HC.OCHOICE.TV.app */,
				9B35AF772C2C541000B6F874 /* HC.OCHOICE.TVTests.xctest */,
				9B35AF812C2C541000B6F874 /* HC.OCHOICE.TVUITests.xctest */,
			);
			name = Products;
			sourceTree = "<group>";
		};
		9B35AF692C2C540F00B6F874 /* HC.OCHOICE.TV */ = {
			isa = PBXGroup;
			children = (
				9B35AF6A2C2C540F00B6F874 /* HC_OCHOICE_TVApp.swift */,
				9B35AF6C2C2C540F00B6F874 /* ContentView.swift */,
				9B35AF6E2C2C541000B6F874 /* Assets.xcassets */,
				9B35AF702C2C541000B6F874 /* Preview Content */,
			);
			path = HC.OCHOICE.TV;
			sourceTree = "<group>";
		};
		9B35AF702C2C541000B6F874 /* Preview Content */ = {
			isa = PBXGroup;
			children = (
				9B35AF712C2C541000B6F874 /* Preview Assets.xcassets */,
			);
			path = "Preview Content";
			sourceTree = "<group>";
		};
		9B35AF7A2C2C541000B6F874 /* HC.OCHOICE.TVTests */ = {
			isa = PBXGroup;
			children = (
				9B35AF7B2C2C541000B6F874 /* HC_OCHOICE_TVTests.swift */,
			);
			path = HC.OCHOICE.TVTests;
			sourceTree = "<group>";
		};
		9B35AF842C2C541000B6F874 /* HC.OCHOICE.TVUITests */ = {
			isa = PBXGroup;
			children = (
				9B35AF852C2C541000B6F874 /* HC_OCHOICE_TVUITests.swift */,
				9B35AF872C2C541000B6F874 /* HC_OCHOICE_TVUITestsLaunchTests.swift */,
			);
			path = HC.OCHOICE.TVUITests;
			sourceTree = "<group>";
		};
/* End PBXGroup section */

/* Begin PBXNativeTarget section */
		9B35AF662C2C540F00B6F874 /* HC.OCHOICE.TV */ = {
			isa = PBXNativeTarget;
			buildConfigurationList = 9B35AF8B2C2C541000B6F874 /* Build configuration list for PBXNativeTarget "HC.OCHOICE.TV" */;
			buildPhases = (
				9B35AF632C2C540F00B6F874 /* Sources */,
				9B35AF642C2C540F00B6F874 /* Frameworks */,
				9B35AF652C2C540F00B6F874 /* Resources */,
			);
			buildRules = (
			);
			dependencies = (
			);
			name = HC.OCHOICE.TV;
			productName = HC.OCHOICE.TV;
			productReference = 9B35AF672C2C540F00B6F874 /* HC.OCHOICE.TV.app */;
			productType = "com.apple.product-type.application";
		};
		9B35AF762C2C541000B6F874 /* HC.OCHOICE.TVTests */ = {
			isa = PBXNativeTarget;
			buildConfigurationList = 9B35AF8E2C2C541000B6F874 /* Build configuration list for PBXNativeTarget "HC.OCHOICE.TVTests" */;
			buildPhases = (
				9B35AF732C2C541000B6F874 /* Sources */,
				9B35AF742C2C541000B6F874 /* Frameworks */,
				9B35AF752C2C541000B6F874 /* Resources */,
			);
			buildRules = (
			);
			dependencies = (
				9B35AF792C2C541000B6F874 /* PBXTargetDependency */,
			);
			name = HC.OCHOICE.TVTests;
			productName = HC.OCHOICE.TVTests;
			productReference = 9B35AF772C2C541000B6F874 /* HC.OCHOICE.TVTests.xctest */;
			productType = "com.apple.product-type.bundle.unit-test";
		};
		9B35AF802C2C541000B6F874 /* HC.OCHOICE.TVUITests */ = {
			isa = PBXNativeTarget;
			buildConfigurationList = 9B35AF912C2C541000B6F874 /* Build configuration list for PBXNativeTarget "HC.OCHOICE.TVUITests" */;
			buildPhases = (
				9B35AF7D2C2C541000B6F874 /* Sources */,
				9B35AF7E2C2C541000B6F874 /* Frameworks */,
				9B35AF7F2C2C541000B6F874 /* Resources */,
			);
			buildRules = (
			);
			dependencies = (
				9B35AF832C2C541000B6F874 /* PBXTargetDependency */,
			);
			name = HC.OCHOICE.TVUITests;
			productName = HC.OCHOICE.TVUITests;
			productReference = 9B35AF812C2C541000B6F874 /* HC.OCHOICE.TVUITests.xctest */;
			productType = "com.apple.product-type.bundle.ui-testing";
		};
/* End PBXNativeTarget section */

/* Begin PBXProject section */
		9B35AF5F2C2C540F00B6F874 /* Project object */ = {
			isa = PBXProject;
			attributes = {
				BuildIndependentTargetsInParallel = 1;
				LastSwiftUpdateCheck = 1530;
				LastUpgradeCheck = 1530;
				TargetAttributes = {
					9B35AF662C2C540F00B6F874 = {
						CreatedOnToolsVersion = 15.3;
					};
					9B35AF762C2C541000B6F874 = {
						CreatedOnToolsVersion = 15.3;
						TestTargetID = 9B35AF662C2C540F00B6F874;
					};
					9B35AF802C2C541000B6F874 = {
						CreatedOnToolsVersion = 15.3;
						TestTargetID = 9B35AF662C2C540F00B6F874;
					};
				};
			};
			buildConfigurationList = 9B35AF622C2C540F00B6F874 /* Build configuration list for PBXProject "HC.OCHOICE.TV" */;
			compatibilityVersion = "Xcode 14.0";
			developmentRegion = en;
			hasScannedForEncodings = 0;
			knownRegions = (
				en,
				Base,
			);
			mainGroup = 9B35AF5E2C2C540F00B6F874;
			productRefGroup = 9B35AF682C2C540F00B6F874 /* Products */;
			projectDirPath = "";
			projectRoot = "";
			targets = (
				9B35AF662C2C540F00B6F874 /* HC.OCHOICE.TV */,
				9B35AF762C2C541000B6F874 /* HC.OCHOICE.TVTests */,
				9B35AF802C2C541000B6F874 /* HC.OCHOICE.TVUITests */,
			);
		};
/* End PBXProject section */

/* Begin PBXResourcesBuildPhase section */
		9B35AF652C2C540F00B6F874 /* Resources */ = {
			isa = PBXResourcesBuildPhase;
			buildActionMask = 2147483647;
			files = (
				9B35AF722C2C541000B6F874 /* Preview Assets.xcassets in Resources */,
				9B35AF6F2C2C541000B6F874 /* Assets.xcassets in Resources */,
			);
			runOnlyForDeploymentPostprocessing = 0;
		};
		9B35AF752C2C541000B6F874 /* Resources */ = {
			isa = PBXResourcesBuildPhase;
			buildActionMask = 2147483647;
			files = (
			);
			runOnlyForDeploymentPostprocessing = 0;
		};
		9B35AF7F2C2C541000B6F874 /* Resources */ = {
			isa = PBXResourcesBuildPhase;
			buildActionMask = 2147483647;
			files = (
			);
			runOnlyForDeploymentPostprocessing = 0;
		};
/* End PBXResourcesBuildPhase section */

/* Begin PBXSourcesBuildPhase section */
		9B35AF632C2C540F00B6F874 /* Sources */ = {
			isa = PBXSourcesBuildPhase;
			buildActionMask = 2147483647;
			files = (
				9B35AF6D2C2C540F00B6F874 /* ContentView.swift in Sources */,
				9B35AF6B2C2C540F00B6F874 /* HC_OCHOICE_TVApp.swift in Sources */,
			);
			runOnlyForDeploymentPostprocessing = 0;
		};
		9B35AF732C2C541000B6F874 /* Sources */ = {
			isa = PBXSourcesBuildPhase;
			buildActionMask = 2147483647;
			files = (
				9B35AF7C2C2C541000B6F874 /* HC_OCHOICE_TVTests.swift in Sources */,
			);
			runOnlyForDeploymentPostprocessing = 0;
		};
		9B35AF7D2C2C541000B6F874 /* Sources */ = {
			isa = PBXSourcesBuildPhase;
			buildActionMask = 2147483647;
			files = (
				9B35AF882C2C541000B6F874 /* HC_OCHOICE_TVUITestsLaunchTests.swift in Sources */,
				9B35AF862C2C541000B6F874 /* HC_OCHOICE_TVUITests.swift in Sources */,
			);
			runOnlyForDeploymentPostprocessing = 0;
		};
/* End PBXSourcesBuildPhase section */

/* Begin PBXTargetDependency section */
		9B35AF792C2C541000B6F874 /* PBXTargetDependency */ = {
			isa = PBXTargetDependency;
			target = 9B35AF662C2C540F00B6F874 /* HC.OCHOICE.TV */;
			targetProxy = 9B35AF782C2C541000B6F874 /* PBXContainerItemProxy */;
		};
		9B35AF832C2C541000B6F874 /* PBXTargetDependency */ = {
			isa = PBXTargetDependency;
			target = 9B35AF662C2C540F00B6F874 /* HC.OCHOICE.TV */;
			targetProxy = 9B35AF822C2C541000B6F874 /* PBXContainerItemProxy */;
		};
/* End PBXTargetDependency section */

/* Begin XCBuildConfiguration section */
		9B35AF892C2C541000B6F874 /* Debug */ = {
			isa = XCBuildConfiguration;
			buildSettings = {
				ALWAYS_SEARCH_USER_PATHS = NO;
				ASSETCATALOG_COMPILER_GENERATE_SWIFT_ASSET_SYMBOL_EXTENSIONS = YES;
				CLANG_ANALYZER_NONNULL = YES;
				CLANG_ANALYZER_NUMBER_OBJECT_CONVERSION = YES_AGGRESSIVE;
				CLANG_CXX_LANGUAGE_STANDARD = "gnu++20";
				CLANG_ENABLE_MODULES = YES;
				CLANG_ENABLE_OBJC_ARC = YES;
				CLANG_ENABLE_OBJC_WEAK = YES;
				CLANG_WARN_BLOCK_CAPTURE_AUTORELEASING = YES;
				CLANG_WARN_BOOL_CONVERSION = YES;
				CLANG_WARN_COMMA = YES;
				CLANG_WARN_CONSTANT_CONVERSION = YES;
				CLANG_WARN_DEPRECATED_OBJC_IMPLEMENTATIONS = YES;
				CLANG_WARN_DIRECT_OBJC_ISA_USAGE = YES_ERROR;
				CLANG_WARN_DOCUMENTATION_COMMENTS = YES;
				CLANG_WARN_EMPTY_BODY = YES;
				CLANG_WARN_ENUM_CONVERSION = YES;
				CLANG_WARN_INFINITE_RECURSION = YES;
				CLANG_WARN_INT_CONVERSION = YES;
				CLANG_WARN_NON_LITERAL_NULL_CONVERSION = YES;
				CLANG_WARN_OBJC_IMPLICIT_RETAIN_SELF = YES;
				CLANG_WARN_OBJC_LITERAL_CONVERSION = YES;
				CLANG_WARN_OBJC_ROOT_CLASS = YES_ERROR;
				CLANG_WARN_QUOTED_INCLUDE_IN_FRAMEWORK_HEADER = YES;
				CLANG_WARN_RANGE_LOOP_ANALYSIS = YES;
				CLANG_WARN_STRICT_PROTOTYPES = YES;
				CLANG_WARN_SUSPICIOUS_MOVE = YES;
				CLANG_WARN_UNGUARDED_AVAILABILITY = YES_AGGRESSIVE;
				CLANG_WARN_UNREACHABLE_CODE = YES;
				CLANG_WARN__DUPLICATE_METHOD_MATCH = YES;
				COPY_PHASE_STRIP = NO;
				DEBUG_INFORMATION_FORMAT = dwarf;
				ENABLE_STRICT_OBJC_MSGSEND = YES;
				ENABLE_TESTABILITY = YES;
				ENABLE_USER_SCRIPT_SANDBOXING = YES;
				GCC_C_LANGUAGE_STANDARD = gnu17;
				GCC_DYNAMIC_NO_PIC = NO;
				GCC_NO_COMMON_BLOCKS = YES;
				GCC_OPTIMIZATION_LEVEL = 0;
				GCC_PREPROCESSOR_DEFINITIONS = (
					"DEBUG=1",
					"$(inherited)",
				);
				GCC_WARN_64_TO_32_BIT_CONVERSION = YES;
				GCC_WARN_ABOUT_RETURN_TYPE = YES_ERROR;
				GCC_WARN_UNDECLARED_SELECTOR = YES;
				GCC_WARN_UNINITIALIZED_AUTOS = YES_AGGRESSIVE;
				GCC_WARN_UNUSED_FUNCTION = YES;
				GCC_WARN_UNUSED_VARIABLE = YES;
				LOCALIZATION_PREFERS_STRING_CATALOGS = YES;
				MTL_ENABLE_DEBUG_INFO = INCLUDE_SOURCE;
				MTL_FAST_MATH = YES;
				ONLY_ACTIVE_ARCH = YES;
				SDKROOT = appletvos;
				SWIFT_ACTIVE_COMPILATION_CONDITIONS = "DEBUG $(inherited)";
				SWIFT_OPTIMIZATION_LEVEL = "-Onone";
				TVOS_DEPLOYMENT_TARGET = 17.4;
			};
			name = Debug;
		};
		9B35AF8A2C2C541000B6F874 /* Release */ = {
			isa = XCBuildConfiguration;
			buildSettings = {
				ALWAYS_SEARCH_USER_PATHS = NO;
				ASSETCATALOG_COMPILER_GENERATE_SWIFT_ASSET_SYMBOL_EXTENSIONS = YES;
				CLANG_ANALYZER_NONNULL = YES;
				CLANG_ANALYZER_NUMBER_OBJECT_CONVERSION = YES_AGGRESSIVE;
				CLANG_CXX_LANGUAGE_STANDARD = "gnu++20";
				CLANG_ENABLE_MODULES = YES;
				CLANG_ENABLE_OBJC_ARC = YES;
				CLANG_ENABLE_OBJC_WEAK = YES;
				CLANG_WARN_BLOCK_CAPTURE_AUTORELEASING = YES;
				CLANG_WARN_BOOL_CONVERSION = YES;
				CLANG_WARN_COMMA = YES;
				CLANG_WARN_CONSTANT_CONVERSION = YES;
				CLANG_WARN_DEPRECATED_OBJC_IMPLEMENTATIONS = YES;
				CLANG_WARN_DIRECT_OBJC_ISA_USAGE = YES_ERROR;
				CLANG_WARN_DOCUMENTATION_COMMENTS = YES;
				CLANG_WARN_EMPTY_BODY = YES;
				CLANG_WARN_ENUM_CONVERSION = YES;
				CLANG_WARN_INFINITE_RECURSION = YES;
				CLANG_WARN_INT_CONVERSION = YES;
				CLANG_WARN_NON_LITERAL_NULL_CONVERSION = YES;
				CLANG_WARN_OBJC_IMPLICIT_RETAIN_SELF = YES;
				CLANG_WARN_OBJC_LITERAL_CONVERSION = YES;
				CLANG_WARN_OBJC_ROOT_CLASS = YES_ERROR;
				CLANG_WARN_QUOTED_INCLUDE_IN_FRAMEWORK_HEADER = YES;
				CLANG_WARN_RANGE_LOOP_ANALYSIS = YES;
				CLANG_WARN_STRICT_PROTOTYPES = YES;
				CLANG_WARN_SUSPICIOUS_MOVE = YES;
				CLANG_WARN_UNGUARDED_AVAILABILITY = YES_AGGRESSIVE;
				CLANG_WARN_UNREACHABLE_CODE = YES;
				CLANG_WARN__DUPLICATE_METHOD_MATCH = YES;
				COPY_PHASE_STRIP = NO;
				DEBUG_INFORMATION_FORMAT = "dwarf-with-dsym";
				ENABLE_NS_ASSERTIONS = NO;
				ENABLE_STRICT_OBJC_MSGSEND = YES;
				ENABLE_USER_SCRIPT_SANDBOXING = YES;
				GCC_C_LANGUAGE_STANDARD = gnu17;
				GCC_NO_COMMON_BLOCKS = YES;
				GCC_WARN_64_TO_32_BIT_CONVERSION = YES;
				GCC_WARN_ABOUT_RETURN_TYPE = YES_ERROR;
				GCC_WARN_UNDECLARED_SELECTOR = YES;
				GCC_WARN_UNINITIALIZED_AUTOS = YES_AGGRESSIVE;
				GCC_WARN_UNUSED_FUNCTION = YES;
				GCC_WARN_UNUSED_VARIABLE = YES;
				LOCALIZATION_PREFERS_STRING_CATALOGS = YES;
				MTL_ENABLE_DEBUG_INFO = NO;
				MTL_FAST_MATH = YES;
				SDKROOT = appletvos;
				SWIFT_COMPILATION_MODE = wholemodule;
				TVOS_DEPLOYMENT_TARGET = 17.4;
				VALIDATE_PRODUCT = YES;
			};
			name = Release;
		};
		9B35AF8C2C2C541000B6F874 /* Debug */ = {
			isa = XCBuildConfiguration;
			buildSettings = {
				ASSETCATALOG_COMPILER_APPICON_NAME = "App Icon & Top Shelf Image";
				ASSETCATALOG_COMPILER_GLOBAL_ACCENT_COLOR_NAME = AccentColor;
				CODE_SIGN_STYLE = Automatic;
				CURRENT_PROJECT_VERSION = 1;
				DEVELOPMENT_ASSET_PATHS = "\"HC.OCHOICE.TV/Preview Content\"";
				DEVELOPMENT_TEAM = A63QTT8KR6;
				ENABLE_PREVIEWS = YES;
				GENERATE_INFOPLIST_FILE = YES;
				INFOPLIST_KEY_UILaunchScreen_Generation = YES;
				INFOPLIST_KEY_UIUserInterfaceStyle = Automatic;
				LD_RUNPATH_SEARCH_PATHS = (
					"$(inherited)",
					"@executable_path/Frameworks",
				);
				MARKETING_VERSION = 1.0;
				PRODUCT_BUNDLE_IDENTIFIER = "Homechoice.HC-OCHOICE-TV";
				PRODUCT_NAME = "$(TARGET_NAME)";
				SWIFT_EMIT_LOC_STRINGS = YES;
				SWIFT_VERSION = 5.0;
				TARGETED_DEVICE_FAMILY = 3;
			};
			name = Debug;
		};
		9B35AF8D2C2C541000B6F874 /* Release */ = {
			isa = XCBuildConfiguration;
			buildSettings = {
				ASSETCATALOG_COMPILER_APPICON_NAME = "App Icon & Top Shelf Image";
				ASSETCATALOG_COMPILER_GLOBAL_ACCENT_COLOR_NAME = AccentColor;
				CODE_SIGN_STYLE = Automatic;
				CURRENT_PROJECT_VERSION = 1;
				DEVELOPMENT_ASSET_PATHS = "\"HC.OCHOICE.TV/Preview Content\"";
				DEVELOPMENT_TEAM = A63QTT8KR6;
				ENABLE_PREVIEWS = YES;
				GENERATE_INFOPLIST_FILE = YES;
				INFOPLIST_KEY_UILaunchScreen_Generation = YES;
				INFOPLIST_KEY_UIUserInterfaceStyle = Automatic;
				LD_RUNPATH_SEARCH_PATHS = (
					"$(inherited)",
					"@executable_path/Frameworks",
				);
				MARKETING_VERSION = 1.0;
				PRODUCT_BUNDLE_IDENTIFIER = "Homechoice.HC-OCHOICE-TV";
				PRODUCT_NAME = "$(TARGET_NAME)";
				SWIFT_EMIT_LOC_STRINGS = YES;
				SWIFT_VERSION = 5.0;
				TARGETED_DEVICE_FAMILY = 3;
			};
			name = Release;
		};
		9B35AF8F2C2C541000B6F874 /* Debug */ = {
			isa = XCBuildConfiguration;
			buildSettings = {
				ALWAYS_EMBED_SWIFT_STANDARD_LIBRARIES = YES;
				BUNDLE_LOADER = "$(TEST_HOST)";
				CODE_SIGN_STYLE = Automatic;
				CURRENT_PROJECT_VERSION = 1;
				DEVELOPMENT_TEAM = A63QTT8KR6;
				GENERATE_INFOPLIST_FILE = YES;
				MARKETING_VERSION = 1.0;
				PRODUCT_BUNDLE_IDENTIFIER = "Homechoice.HC-OCHOICE-TVTests";
				PRODUCT_NAME = "$(TARGET_NAME)";
				SWIFT_EMIT_LOC_STRINGS = NO;
				SWIFT_VERSION = 5.0;
				TARGETED_DEVICE_FAMILY = 3;
				TEST_HOST = "$(BUILT_PRODUCTS_DIR)/HC.OCHOICE.TV.app/$(BUNDLE_EXECUTABLE_FOLDER_PATH)/HC.OCHOICE.TV";
				TVOS_DEPLOYMENT_TARGET = 17.4;
			};
			name = Debug;
		};
		9B35AF902C2C541000B6F874 /* Release */ = {
			isa = XCBuildConfiguration;
			buildSettings = {
				ALWAYS_EMBED_SWIFT_STANDARD_LIBRARIES = YES;
				BUNDLE_LOADER = "$(TEST_HOST)";
				CODE_SIGN_STYLE = Automatic;
				CURRENT_PROJECT_VERSION = 1;
				DEVELOPMENT_TEAM = A63QTT8KR6;
				GENERATE_INFOPLIST_FILE = YES;
				MARKETING_VERSION = 1.0;
				PRODUCT_BUNDLE_IDENTIFIER = "Homechoice.HC-OCHOICE-TVTests";
				PRODUCT_NAME = "$(TARGET_NAME)";
				SWIFT_EMIT_LOC_STRINGS = NO;
				SWIFT_VERSION = 5.0;
				TARGETED_DEVICE_FAMILY = 3;
				TEST_HOST = "$(BUILT_PRODUCTS_DIR)/HC.OCHOICE.TV.app/$(BUNDLE_EXECUTABLE_FOLDER_PATH)/HC.OCHOICE.TV";
				TVOS_DEPLOYMENT_TARGET = 17.4;
			};
			name = Release;
		};
		9B35AF922C2C541000B6F874 /* Debug */ = {
			isa = XCBuildConfiguration;
			buildSettings = {
				ALWAYS_EMBED_SWIFT_STANDARD_LIBRARIES = YES;
				CODE_SIGN_STYLE = Automatic;
				CURRENT_PROJECT_VERSION = 1;
				DEVELOPMENT_TEAM = A63QTT8KR6;
				GENERATE_INFOPLIST_FILE = YES;
				MARKETING_VERSION = 1.0;
				PRODUCT_BUNDLE_IDENTIFIER = "Homechoice.HC-OCHOICE-TVUITests";
				PRODUCT_NAME = "$(TARGET_NAME)";
				SWIFT_EMIT_LOC_STRINGS = NO;
				SWIFT_VERSION = 5.0;
				TARGETED_DEVICE_FAMILY = 3;
				TEST_TARGET_NAME = HC.OCHOICE.TV;
			};
			name = Debug;
		};
		9B35AF932C2C541000B6F874 /* Release */ = {
			isa = XCBuildConfiguration;
			buildSettings = {
				ALWAYS_EMBED_SWIFT_STANDARD_LIBRARIES = YES;
				CODE_SIGN_STYLE = Automatic;
				CURRENT_PROJECT_VERSION = 1;
				DEVELOPMENT_TEAM = A63QTT8KR6;
				GENERATE_INFOPLIST_FILE = YES;
				MARKETING_VERSION = 1.0;
				PRODUCT_BUNDLE_IDENTIFIER = "Homechoice.HC-OCHOICE-TVUITests";
				PRODUCT_NAME = "$(TARGET_NAME)";
				SWIFT_EMIT_LOC_STRINGS = NO;
				SWIFT_VERSION = 5.0;
				TARGETED_DEVICE_FAMILY = 3;
				TEST_TARGET_NAME = HC.OCHOICE.TV;
			};
			name = Release;
		};
/* End XCBuildConfiguration section */

/* Begin XCConfigurationList section */
		9B35AF622C2C540F00B6F874 /* Build configuration list for PBXProject "HC.OCHOICE.TV" */ = {
			isa = XCConfigurationList;
			buildConfigurations = (
				9B35AF892C2C541000B6F874 /* Debug */,
				9B35AF8A2C2C541000B6F874 /* Release */,
			);
			defaultConfigurationIsVisible = 0;
			defaultConfigurationName = Release;
		};
		9B35AF8B2C2C541000B6F874 /* Build configuration list for PBXNativeTarget "HC.OCHOICE.TV" */ = {
			isa = XCConfigurationList;
			buildConfigurations = (
				9B35AF8C2C2C541000B6F874 /* Debug */,
				9B35AF8D2C2C541000B6F874 /* Release */,
			);
			defaultConfigurationIsVisible = 0;
			defaultConfigurationName = Release;
		};
		9B35AF8E2C2C541000B6F874 /* Build configuration list for PBXNativeTarget "HC.OCHOICE.TVTests" */ = {
			isa = XCConfigurationList;
			buildConfigurations = (
				9B35AF8F2C2C541000B6F874 /* Debug */,
				9B35AF902C2C541000B6F874 /* Release */,
			);
			defaultConfigurationIsVisible = 0;
			defaultConfigurationName = Release;
		};
		9B35AF912C2C541000B6F874 /* Build configuration list for PBXNativeTarget "HC.OCHOICE.TVUITests" */ = {
			isa = XCConfigurationList;
			buildConfigurations = (
				9B35AF922C2C541000B6F874 /* Debug */,
				9B35AF932C2C541000B6F874 /* Release */,
			);
			defaultConfigurationIsVisible = 0;
			defaultConfigurationName = Release;
		};
/* End XCConfigurationList section */
	};
	rootObject = 9B35AF5F2C2C540F00B6F874 /* Project object */;
}
